
Microsoft Visual Studio Solution File, Format Version 12.00
# Visual Studio Version 17
VisualStudioVersion = 17.6.33829.357
MinimumVisualStudioVersion = 10.0.40219.1
Project("{FAE04EC0-301F-11D3-BF4B-00C04F79EFBC}") = "TeamRPG", "TeamRPG\TeamRPG.csproj", "{D24F49EB-E792-47F8-A087-B21567B629CE}"
EndProject
Global
	GlobalSection(SolutionConfigurationPlatforms) = preSolution
		Debug|Any CPU = Debug|Any CPU
		Release|Any CPU = Release|Any CPU
	EndGlobalSection
	GlobalSection(ProjectConfigurationPlatforms) = postSolution
		{D24F49EB-E792-47F8-A087-B21567B629CE}.Debug|Any CPU.ActiveCfg = Debug|Any CPU
		{D24F49EB-E792-47F8-A087-B21567B629CE}.Debug|Any CPU.Build.0 = Debug|Any CPU
		{D24F49EB-E792-47F8-A087-B21567B629CE}.Release|Any CPU.ActiveCfg = Release|Any CPU
		{D24F49EB-E792-47F8-A087-B21567B629CE}.Release|Any CPU.Build.0 = Release|Any CPU
	EndGlobalSection
	GlobalSection(SolutionProperties) = preSolution
		HideSolutionNode = FALSE
	EndGlobalSection
	GlobalSection(ExtensibilityGlobals) = postSolution
		SolutionGuid = {4B654298-D1FD-41FF-B094-E96DD0B5A340}
	EndGlobalSection
EndGlobal
